
Microsoft Visual Studio Solution File, Format Version 12.00
# Visual Studio Version 17
VisualStudioVersion = 17.3.32922.545
MinimumVisualStudioVersion = 10.0.40219.1
Project("{E24C65DC-7377-472B-9ABA-BC803B73C61A}") = "Solution1.WCFService.Myservice", "Solution1.WCFService.Myservice\", "{5C1F987E-F709-43FA-BA32-6793676926EF}"
	ProjectSection(WebsiteProperties) = preProject
		TargetFrameworkMoniker = ".NETFramework,Version%3Dv4.7.2"
		Debug.AspNetCompiler.VirtualPath = "/localhost_50343"
		Debug.AspNetCompiler.PhysicalPath = "Solution1.WCFService.Myservice\"
		Debug.AspNetCompiler.TargetPath = "PrecompiledWeb\localhost_50343\"
		Debug.AspNetCompiler.Updateable = "true"
		Debug.AspNetCompiler.ForceOverwrite = "true"
		Debug.AspNetCompiler.FixedNames = "false"
		Debug.AspNetCompiler.Debug = "True"
		Release.AspNetCompiler.VirtualPath = "/localhost_50343"
		Release.AspNetCompiler.PhysicalPath = "Solution1.WCFService.Myservice\"
		Release.AspNetCompiler.TargetPath = "PrecompiledWeb\localhost_50343\"
		Release.AspNetCompiler.Updateable = "true"
		Release.AspNetCompiler.ForceOverwrite = "true"
		Release.AspNetCompiler.FixedNames = "false"
		Release.AspNetCompiler.Debug = "False"
		VWDPort = "50343"
		SlnRelativePath = "Solution1.WCFService.Myservice\"
		DefaultWebSiteLanguage = "Visual C#"
	EndProjectSection
EndProject
Global
	GlobalSection(SolutionConfigurationPlatforms) = preSolution
		Debug|Any CPU = Debug|Any CPU
	EndGlobalSection
	GlobalSection(ProjectConfigurationPlatforms) = postSolution
		{5C1F987E-F709-43FA-BA32-6793676926EF}.Debug|Any CPU.ActiveCfg = Debug|Any CPU
		{5C1F987E-F709-43FA-BA32-6793676926EF}.Debug|Any CPU.Build.0 = Debug|Any CPU
	EndGlobalSection
	GlobalSection(SolutionProperties) = preSolution
		HideSolutionNode = FALSE
	EndGlobalSection
	GlobalSection(ExtensibilityGlobals) = postSolution
		SolutionGuid = {9D981136-6190-4DD4-AE59-9746286A1C37}
	EndGlobalSection
EndGlobal
